
Microsoft Visual Studio Solution File, Format Version 12.00
# Visual Studio 15
VisualStudioVersion = 15.0.26430.13
MinimumVisualStudioVersion = 10.0.40219.1
Project("{2150E333-8FDC-42A3-9474-1A3956D46DE8}") = "src", "src", "{5FB515FE-D508-4755-B409-5919DAF0602C}"
EndProject
Project("{9A19103F-16F7-4668-BE54-9A1E7A4F7556}") = "LykkePay.API", "src\LykkePayAPI\LykkePay.API.csproj", "{6172195D-B3EA-49E1-A7DA-6CCCBD480454}"
EndProject
Project("{9A19103F-16F7-4668-BE54-9A1E7A4F7556}") = "Lykke.Pay.Service.Rates", "src\Lykke.Pay.Server.Rates\Lykke.Pay.Service.Rates.csproj", "{EB6E203C-5371-4853-91D8-0DC929A86B55}"
EndProject
Project("{9A19103F-16F7-4668-BE54-9A1E7A4F7556}") = "Lykke.Pay.Service.GenerateAddress", "src\Lykke.Pay.Service.GenerateAddress\Lykke.Pay.Service.GenerateAddress.csproj", "{8F8E39C4-00B6-4BBD-96A5-2A1F2FF6A9A5}"
EndProject
Project("{9A19103F-16F7-4668-BE54-9A1E7A4F7556}") = "Lykke.Pay.Service.StoreRequest", "src\Lykke.Pay.Service.StoreRequest\Lykke.Pay.Service.StoreRequest.csproj", "{A668A3E4-6575-44B8-B8F9-E93C9D3C8546}"
EndProject
Project("{2150E333-8FDC-42A3-9474-1A3956D46DE8}") = "clients", "clients", "{F78291F1-AB70-4C41-8913-99C0C2C4B63B}"
EndProject
Project("{9A19103F-16F7-4668-BE54-9A1E7A4F7556}") = "Lykke.Pay.Service.StoreRequest.Client", "clients\Lykke.Pay.Service.StoreRequest.Client\Lykke.Pay.Service.StoreRequest.Client.csproj", "{D1494CD3-7A0B-41B5-B54B-81DA7A75EF66}"
EndProject
Project("{2150E333-8FDC-42A3-9474-1A3956D46DE8}") = "jobs", "jobs", "{888BD6D6-ADBC-41F5-A3B8-149F310C1527}"
EndProject
Project("{9A19103F-16F7-4668-BE54-9A1E7A4F7556}") = "Lykke.Pay.Job.ProcessRequests", "jobs\Lykke.Pay.Job.ProcessRequests\Lykke.Pay.Job.ProcessRequests.csproj", "{9C515EA5-710B-47E2-9EF3-E81149B600C0}"
EndProject
Project("{9A19103F-16F7-4668-BE54-9A1E7A4F7556}") = "Lykke.Pay.Service.GenerateAddress.Client", "clients\Lykke.Pay.Service.GenerateAddress.Client\Lykke.Pay.Service.GenerateAddress.Client.csproj", "{BBF98951-1155-4F1D-AAA0-1767994D7697}"
EndProject
Project("{9A19103F-16F7-4668-BE54-9A1E7A4F7556}") = "Bitcoint.Api.Client", "clients\Bitcoint.Api.Client\Bitcoint.Api.Client.csproj", "{B1FB5E28-219F-4DD0-BD9F-8363272CF0D0}"
EndProject
Project("{9A19103F-16F7-4668-BE54-9A1E7A4F7556}") = "Lykke.Pay.Common", "src\Lykke.Pay.Common\Lykke.Pay.Common.csproj", "{FA009631-49E3-4A2A-B44A-65B446B08446}"
EndProject
Global
	GlobalSection(SolutionConfigurationPlatforms) = preSolution
		Debug|Any CPU = Debug|Any CPU
		Release|Any CPU = Release|Any CPU
	EndGlobalSection
	GlobalSection(ProjectConfigurationPlatforms) = postSolution
		{6172195D-B3EA-49E1-A7DA-6CCCBD480454}.Debug|Any CPU.ActiveCfg = Debug|Any CPU
		{6172195D-B3EA-49E1-A7DA-6CCCBD480454}.Debug|Any CPU.Build.0 = Debug|Any CPU
		{6172195D-B3EA-49E1-A7DA-6CCCBD480454}.Release|Any CPU.ActiveCfg = Release|Any CPU
		{6172195D-B3EA-49E1-A7DA-6CCCBD480454}.Release|Any CPU.Build.0 = Release|Any CPU
		{EB6E203C-5371-4853-91D8-0DC929A86B55}.Debug|Any CPU.ActiveCfg = Debug|Any CPU
		{EB6E203C-5371-4853-91D8-0DC929A86B55}.Debug|Any CPU.Build.0 = Debug|Any CPU
		{EB6E203C-5371-4853-91D8-0DC929A86B55}.Release|Any CPU.ActiveCfg = Release|Any CPU
		{EB6E203C-5371-4853-91D8-0DC929A86B55}.Release|Any CPU.Build.0 = Release|Any CPU
		{8F8E39C4-00B6-4BBD-96A5-2A1F2FF6A9A5}.Debug|Any CPU.ActiveCfg = Debug|Any CPU
		{8F8E39C4-00B6-4BBD-96A5-2A1F2FF6A9A5}.Debug|Any CPU.Build.0 = Debug|Any CPU
		{8F8E39C4-00B6-4BBD-96A5-2A1F2FF6A9A5}.Release|Any CPU.ActiveCfg = Release|Any CPU
		{8F8E39C4-00B6-4BBD-96A5-2A1F2FF6A9A5}.Release|Any CPU.Build.0 = Release|Any CPU
		{A668A3E4-6575-44B8-B8F9-E93C9D3C8546}.Debug|Any CPU.ActiveCfg = Debug|Any CPU
		{A668A3E4-6575-44B8-B8F9-E93C9D3C8546}.Debug|Any CPU.Build.0 = Debug|Any CPU
		{A668A3E4-6575-44B8-B8F9-E93C9D3C8546}.Release|Any CPU.ActiveCfg = Release|Any CPU
		{A668A3E4-6575-44B8-B8F9-E93C9D3C8546}.Release|Any CPU.Build.0 = Release|Any CPU
		{D1494CD3-7A0B-41B5-B54B-81DA7A75EF66}.Debug|Any CPU.ActiveCfg = Debug|Any CPU
		{D1494CD3-7A0B-41B5-B54B-81DA7A75EF66}.Debug|Any CPU.Build.0 = Debug|Any CPU
		{D1494CD3-7A0B-41B5-B54B-81DA7A75EF66}.Release|Any CPU.ActiveCfg = Release|Any CPU
		{D1494CD3-7A0B-41B5-B54B-81DA7A75EF66}.Release|Any CPU.Build.0 = Release|Any CPU
		{9C515EA5-710B-47E2-9EF3-E81149B600C0}.Debug|Any CPU.ActiveCfg = Debug|Any CPU
		{9C515EA5-710B-47E2-9EF3-E81149B600C0}.Debug|Any CPU.Build.0 = Debug|Any CPU
		{9C515EA5-710B-47E2-9EF3-E81149B600C0}.Release|Any CPU.ActiveCfg = Release|Any CPU
		{9C515EA5-710B-47E2-9EF3-E81149B600C0}.Release|Any CPU.Build.0 = Release|Any CPU
		{BBF98951-1155-4F1D-AAA0-1767994D7697}.Debug|Any CPU.ActiveCfg = Debug|Any CPU
		{BBF98951-1155-4F1D-AAA0-1767994D7697}.Debug|Any CPU.Build.0 = Debug|Any CPU
		{BBF98951-1155-4F1D-AAA0-1767994D7697}.Release|Any CPU.ActiveCfg = Release|Any CPU
		{BBF98951-1155-4F1D-AAA0-1767994D7697}.Release|Any CPU.Build.0 = Release|Any CPU
		{B1FB5E28-219F-4DD0-BD9F-8363272CF0D0}.Debug|Any CPU.ActiveCfg = Debug|Any CPU
		{B1FB5E28-219F-4DD0-BD9F-8363272CF0D0}.Debug|Any CPU.Build.0 = Debug|Any CPU
		{B1FB5E28-219F-4DD0-BD9F-8363272CF0D0}.Release|Any CPU.ActiveCfg = Release|Any CPU
		{B1FB5E28-219F-4DD0-BD9F-8363272CF0D0}.Release|Any CPU.Build.0 = Release|Any CPU
		{FA009631-49E3-4A2A-B44A-65B446B08446}.Debug|Any CPU.ActiveCfg = Debug|Any CPU
		{FA009631-49E3-4A2A-B44A-65B446B08446}.Debug|Any CPU.Build.0 = Debug|Any CPU
		{FA009631-49E3-4A2A-B44A-65B446B08446}.Release|Any CPU.ActiveCfg = Release|Any CPU
		{FA009631-49E3-4A2A-B44A-65B446B08446}.Release|Any CPU.Build.0 = Release|Any CPU
	EndGlobalSection
	GlobalSection(SolutionProperties) = preSolution
		HideSolutionNode = FALSE
	EndGlobalSection
	GlobalSection(NestedProjects) = preSolution
		{6172195D-B3EA-49E1-A7DA-6CCCBD480454} = {5FB515FE-D508-4755-B409-5919DAF0602C}
		{EB6E203C-5371-4853-91D8-0DC929A86B55} = {5FB515FE-D508-4755-B409-5919DAF0602C}
		{8F8E39C4-00B6-4BBD-96A5-2A1F2FF6A9A5} = {5FB515FE-D508-4755-B409-5919DAF0602C}
		{A668A3E4-6575-44B8-B8F9-E93C9D3C8546} = {5FB515FE-D508-4755-B409-5919DAF0602C}
		{D1494CD3-7A0B-41B5-B54B-81DA7A75EF66} = {F78291F1-AB70-4C41-8913-99C0C2C4B63B}
		{9C515EA5-710B-47E2-9EF3-E81149B600C0} = {888BD6D6-ADBC-41F5-A3B8-149F310C1527}
		{BBF98951-1155-4F1D-AAA0-1767994D7697} = {F78291F1-AB70-4C41-8913-99C0C2C4B63B}
		{B1FB5E28-219F-4DD0-BD9F-8363272CF0D0} = {F78291F1-AB70-4C41-8913-99C0C2C4B63B}
		{FA009631-49E3-4A2A-B44A-65B446B08446} = {5FB515FE-D508-4755-B409-5919DAF0602C}
	EndGlobalSection
EndGlobal
