
Microsoft Visual Studio Solution File, Format Version 12.00
# Visual Studio 15
VisualStudioVersion = 15.0.26228.9
MinimumVisualStudioVersion = 10.0.40219.1
Project("{2150E333-8FDC-42A3-9474-1A3956D46DE8}") = "src", "src", "{5FB515FE-D508-4755-B409-5919DAF0602C}"
EndProject
Project("{2150E333-8FDC-42A3-9474-1A3956D46DE8}") = "tests", "tests", "{DC824363-7709-468E-A2E1-FB9A9C1E4C2C}"
EndProject
Project("{9A19103F-16F7-4668-BE54-9A1E7A4F7556}") = "LykkePay.API", "src\LykkePayAPI\LykkePay.API.csproj", "{6172195D-B3EA-49E1-A7DA-6CCCBD480454}"
EndProject
Project("{9A19103F-16F7-4668-BE54-9A1E7A4F7556}") = "LykkePay.Key", "src\LykkePay.Key\LykkePay.Key.csproj", "{AB127D27-7E18-41F4-9DE9-7B690D119A80}"
EndProject
Project("{9A19103F-16F7-4668-BE54-9A1E7A4F7556}") = "LykkePay.Business", "src\LykkePay.Business\LykkePay.Business.csproj", "{910DDC4F-04A8-4415-8CE3-6EB6BCAE3EE3}"
EndProject
Project("{9A19103F-16F7-4668-BE54-9A1E7A4F7556}") = "LykkePay.Business.Test", "tests\Lykke.Business.Test\LykkePay.Business.Test.csproj", "{0AD220EA-10D3-404C-93A3-40DE5E59F533}"
EndProject
Project("{FAE04EC0-301F-11D3-BF4B-00C04F79EFBC}") = "Lykke.Pay.Server.Rates", "src\Lykke.Pay.Server.Rates\Lykke.Pay.Server.Rates.csproj", "{EB6E203C-5371-4853-91D8-0DC929A86B55}"
EndProject
Global
	GlobalSection(SolutionConfigurationPlatforms) = preSolution
		Debug|Any CPU = Debug|Any CPU
		Release|Any CPU = Release|Any CPU
	EndGlobalSection
	GlobalSection(ProjectConfigurationPlatforms) = postSolution
		{6172195D-B3EA-49E1-A7DA-6CCCBD480454}.Debug|Any CPU.ActiveCfg = Debug|Any CPU
		{6172195D-B3EA-49E1-A7DA-6CCCBD480454}.Debug|Any CPU.Build.0 = Debug|Any CPU
		{6172195D-B3EA-49E1-A7DA-6CCCBD480454}.Release|Any CPU.ActiveCfg = Release|Any CPU
		{6172195D-B3EA-49E1-A7DA-6CCCBD480454}.Release|Any CPU.Build.0 = Release|Any CPU
		{AB127D27-7E18-41F4-9DE9-7B690D119A80}.Debug|Any CPU.ActiveCfg = Debug|Any CPU
		{AB127D27-7E18-41F4-9DE9-7B690D119A80}.Debug|Any CPU.Build.0 = Debug|Any CPU
		{AB127D27-7E18-41F4-9DE9-7B690D119A80}.Release|Any CPU.ActiveCfg = Release|Any CPU
		{AB127D27-7E18-41F4-9DE9-7B690D119A80}.Release|Any CPU.Build.0 = Release|Any CPU
		{910DDC4F-04A8-4415-8CE3-6EB6BCAE3EE3}.Debug|Any CPU.ActiveCfg = Debug|Any CPU
		{910DDC4F-04A8-4415-8CE3-6EB6BCAE3EE3}.Debug|Any CPU.Build.0 = Debug|Any CPU
		{910DDC4F-04A8-4415-8CE3-6EB6BCAE3EE3}.Release|Any CPU.ActiveCfg = Release|Any CPU
		{910DDC4F-04A8-4415-8CE3-6EB6BCAE3EE3}.Release|Any CPU.Build.0 = Release|Any CPU
		{0AD220EA-10D3-404C-93A3-40DE5E59F533}.Debug|Any CPU.ActiveCfg = Debug|Any CPU
		{0AD220EA-10D3-404C-93A3-40DE5E59F533}.Debug|Any CPU.Build.0 = Debug|Any CPU
		{0AD220EA-10D3-404C-93A3-40DE5E59F533}.Release|Any CPU.ActiveCfg = Release|Any CPU
		{0AD220EA-10D3-404C-93A3-40DE5E59F533}.Release|Any CPU.Build.0 = Release|Any CPU
		{EB6E203C-5371-4853-91D8-0DC929A86B55}.Debug|Any CPU.ActiveCfg = Debug|Any CPU
		{EB6E203C-5371-4853-91D8-0DC929A86B55}.Debug|Any CPU.Build.0 = Debug|Any CPU
		{EB6E203C-5371-4853-91D8-0DC929A86B55}.Release|Any CPU.ActiveCfg = Release|Any CPU
		{EB6E203C-5371-4853-91D8-0DC929A86B55}.Release|Any CPU.Build.0 = Release|Any CPU
	EndGlobalSection
	GlobalSection(SolutionProperties) = preSolution
		HideSolutionNode = FALSE
	EndGlobalSection
	GlobalSection(NestedProjects) = preSolution
		{6172195D-B3EA-49E1-A7DA-6CCCBD480454} = {5FB515FE-D508-4755-B409-5919DAF0602C}
		{AB127D27-7E18-41F4-9DE9-7B690D119A80} = {5FB515FE-D508-4755-B409-5919DAF0602C}
		{910DDC4F-04A8-4415-8CE3-6EB6BCAE3EE3} = {5FB515FE-D508-4755-B409-5919DAF0602C}
		{0AD220EA-10D3-404C-93A3-40DE5E59F533} = {DC824363-7709-468E-A2E1-FB9A9C1E4C2C}
		{EB6E203C-5371-4853-91D8-0DC929A86B55} = {5FB515FE-D508-4755-B409-5919DAF0602C}
	EndGlobalSection
EndGlobal
