
Microsoft Visual Studio Solution File, Format Version 12.00
# Visual Studio 15
VisualStudioVersion = 15.0.26430.13
MinimumVisualStudioVersion = 10.0.40219.1
Project("{9A19103F-16F7-4668-BE54-9A1E7A4F7556}") = "Lykke.Job.BitcoinTransactionAggregator", "src\Lykke.Job.BitcoinTransactionAggregator\Lykke.Job.BitcoinTransactionAggregator.csproj", "{5566FD3E-0DB6-4BF3-A98D-4A1181B3E02C}"
EndProject
Project("{9A19103F-16F7-4668-BE54-9A1E7A4F7556}") = "Lykke.Job.BitcoinTransactionAggregator.Core", "src\Lykke.Job.BitcoinTransactionAggregator.Core\Lykke.Job.BitcoinTransactionAggregator.Core.csproj", "{0415D4B4-5275-4B5C-AFD5-644572CD91CD}"
EndProject
Project("{2150E333-8FDC-42A3-9474-1A3956D46DE8}") = "1. Infrastructure", "1. Infrastructure", "{68994F01-8220-4B7C-9AB8-14E137C44AE5}"
EndProject
Project("{2150E333-8FDC-42A3-9474-1A3956D46DE8}") = "2. Tests", "2. Tests", "{AB790991-CEB2-44A5-9C0C-A2D26DB86D41}"
EndProject
Project("{9A19103F-16F7-4668-BE54-9A1E7A4F7556}") = "Lykke.Job.BitcoinTransactionAggregator.Services", "src\Lykke.Job.BitcoinTransactionAggregator.Services\Lykke.Job.BitcoinTransactionAggregator.Services.csproj", "{D42134F9-A73E-4890-966D-746FE732934E}"
EndProject
Project("{9A19103F-16F7-4668-BE54-9A1E7A4F7556}") = "Lykke.Job.BitcoinTransactionAggregator.Tests", "tests\Lykke.Job.BitcoinTransactionAggregator.Tests\Lykke.Job.BitcoinTransactionAggregator.Tests.csproj", "{AAC9F450-14D7-4482-BC12-7C55006864E2}"
EndProject
Global
	GlobalSection(SolutionConfigurationPlatforms) = preSolution
		Debug|Any CPU = Debug|Any CPU
		Release|Any CPU = Release|Any CPU
	EndGlobalSection
	GlobalSection(ProjectConfigurationPlatforms) = postSolution
		{5566FD3E-0DB6-4BF3-A98D-4A1181B3E02C}.Debug|Any CPU.ActiveCfg = Debug|Any CPU
		{5566FD3E-0DB6-4BF3-A98D-4A1181B3E02C}.Debug|Any CPU.Build.0 = Debug|Any CPU
		{5566FD3E-0DB6-4BF3-A98D-4A1181B3E02C}.Release|Any CPU.ActiveCfg = Release|Any CPU
		{5566FD3E-0DB6-4BF3-A98D-4A1181B3E02C}.Release|Any CPU.Build.0 = Release|Any CPU
		{0415D4B4-5275-4B5C-AFD5-644572CD91CD}.Debug|Any CPU.ActiveCfg = Debug|Any CPU
		{0415D4B4-5275-4B5C-AFD5-644572CD91CD}.Debug|Any CPU.Build.0 = Debug|Any CPU
		{0415D4B4-5275-4B5C-AFD5-644572CD91CD}.Release|Any CPU.ActiveCfg = Release|Any CPU
		{0415D4B4-5275-4B5C-AFD5-644572CD91CD}.Release|Any CPU.Build.0 = Release|Any CPU
		{D42134F9-A73E-4890-966D-746FE732934E}.Debug|Any CPU.ActiveCfg = Debug|Any CPU
		{D42134F9-A73E-4890-966D-746FE732934E}.Debug|Any CPU.Build.0 = Debug|Any CPU
		{D42134F9-A73E-4890-966D-746FE732934E}.Release|Any CPU.ActiveCfg = Release|Any CPU
		{D42134F9-A73E-4890-966D-746FE732934E}.Release|Any CPU.Build.0 = Release|Any CPU
		{AAC9F450-14D7-4482-BC12-7C55006864E2}.Debug|Any CPU.ActiveCfg = Debug|Any CPU
		{AAC9F450-14D7-4482-BC12-7C55006864E2}.Debug|Any CPU.Build.0 = Debug|Any CPU
		{AAC9F450-14D7-4482-BC12-7C55006864E2}.Release|Any CPU.ActiveCfg = Release|Any CPU
		{AAC9F450-14D7-4482-BC12-7C55006864E2}.Release|Any CPU.Build.0 = Release|Any CPU
	EndGlobalSection
	GlobalSection(SolutionProperties) = preSolution
		HideSolutionNode = FALSE
	EndGlobalSection
	GlobalSection(NestedProjects) = preSolution
		{0415D4B4-5275-4B5C-AFD5-644572CD91CD} = {68994F01-8220-4B7C-9AB8-14E137C44AE5}
		{D42134F9-A73E-4890-966D-746FE732934E} = {68994F01-8220-4B7C-9AB8-14E137C44AE5}
		{AAC9F450-14D7-4482-BC12-7C55006864E2} = {AB790991-CEB2-44A5-9C0C-A2D26DB86D41}
	EndGlobalSection
EndGlobal
